
Microsoft Visual Studio Solution File, Format Version 12.00
# Visual Studio Version 17
VisualStudioVersion = 17.0.31903.59
MinimumVisualStudioVersion = 10.0.40219.1
Project("{2150E333-8FDC-42A3-9474-1A3956D46DE8}") = "src", "src", "{827E0CD3-B72D-47B6-A68D-7590B98EB39B}"
EndProject
Project("{FAE04EC0-301F-11D3-BF4B-00C04F79EFBC}") = "GigaCAD.Plugins.Abstractions", "src\GigaCAD.Plugins.Abstractions\GigaCAD.Plugins.Abstractions.csproj", "{79230497-B428-4061-A7E2-B9C9FC2E4E0C}"
EndProject
Project("{FAE04EC0-301F-11D3-BF4B-00C04F79EFBC}") = "GigaCAD.Plugins.Host", "src\GigaCAD.Plugins.Host\GigaCAD.Plugins.Host.csproj", "{B9155226-847A-4878-9FA9-D910F1AB44A8}"
EndProject
Project("{FAE04EC0-301F-11D3-BF4B-00C04F79EFBC}") = "GigaCAD.Plugins.Protocol", "src\GigaCAD.Plugins.Protocol\GigaCAD.Plugins.Protocol.csproj", "{C1DFFBD9-BEC5-4BD2-BD91-C184C9324C26}"
EndProject
Project("{FAE04EC0-301F-11D3-BF4B-00C04F79EFBC}") = "GigaCAD.Plugins.SolidWorks", "src\GigaCAD.Plugins.SolidWorks\GigaCAD.Plugins.SolidWorks.csproj", "{88BBBCD9-47FB-41F5-807A-CFA4FE014C21}"
EndProject
Project("{2150E333-8FDC-42A3-9474-1A3956D46DE8}") = "tests", "tests", "{0AB3BF05-4346-4AA6-1389-037BE0695223}"
EndProject
Project("{FAE04EC0-301F-11D3-BF4B-00C04F79EFBC}") = "GigaCAD.Plugins.TestPlugin", "tests\GigaCAD.Plugins.TestPlugin\GigaCAD.Plugins.TestPlugin.csproj", "{5EAAF025-2AB0-4910-9C46-4908CF3A3364}"
EndProject
Project("{FAE04EC0-301F-11D3-BF4B-00C04F79EFBC}") = "GigaCAD.Plugins.Tests", "tests\GigaCAD.Plugins.Tests\GigaCAD.Plugins.Tests.csproj", "{3DCF285A-A0F9-4648-8B4D-5CD772856B27}"
EndProject
Global
	GlobalSection(SolutionConfigurationPlatforms) = preSolution
		Debug|Any CPU = Debug|Any CPU
		Debug|x64 = Debug|x64
		Debug|x86 = Debug|x86
		Release|Any CPU = Release|Any CPU
		Release|x64 = Release|x64
		Release|x86 = Release|x86
	EndGlobalSection
	GlobalSection(ProjectConfigurationPlatforms) = postSolution
		{79230497-B428-4061-A7E2-B9C9FC2E4E0C}.Debug|Any CPU.ActiveCfg = Debug|Any CPU
		{79230497-B428-4061-A7E2-B9C9FC2E4E0C}.Debug|Any CPU.Build.0 = Debug|Any CPU
		{79230497-B428-4061-A7E2-B9C9FC2E4E0C}.Debug|x64.ActiveCfg = Debug|Any CPU
		{79230497-B428-4061-A7E2-B9C9FC2E4E0C}.Debug|x64.Build.0 = Debug|Any CPU
		{79230497-B428-4061-A7E2-B9C9FC2E4E0C}.Debug|x86.ActiveCfg = Debug|Any CPU
		{79230497-B428-4061-A7E2-B9C9FC2E4E0C}.Debug|x86.Build.0 = Debug|Any CPU
		{79230497-B428-4061-A7E2-B9C9FC2E4E0C}.Release|Any CPU.ActiveCfg = Release|Any CPU
		{79230497-B428-4061-A7E2-B9C9FC2E4E0C}.Release|Any CPU.Build.0 = Release|Any CPU
		{79230497-B428-4061-A7E2-B9C9FC2E4E0C}.Release|x64.ActiveCfg = Release|Any CPU
		{79230497-B428-4061-A7E2-B9C9FC2E4E0C}.Release|x64.Build.0 = Release|Any CPU
		{79230497-B428-4061-A7E2-B9C9FC2E4E0C}.Release|x86.ActiveCfg = Release|Any CPU
		{79230497-B428-4061-A7E2-B9C9FC2E4E0C}.Release|x86.Build.0 = Release|Any CPU
		{B9155226-847A-4878-9FA9-D910F1AB44A8}.Debug|Any CPU.ActiveCfg = Debug|Any CPU
		{B9155226-847A-4878-9FA9-D910F1AB44A8}.Debug|Any CPU.Build.0 = Debug|Any CPU
		{B9155226-847A-4878-9FA9-D910F1AB44A8}.Debug|x64.ActiveCfg = Debug|Any CPU
		{B9155226-847A-4878-9FA9-D910F1AB44A8}.Debug|x64.Build.0 = Debug|Any CPU
		{B9155226-847A-4878-9FA9-D910F1AB44A8}.Debug|x86.ActiveCfg = Debug|Any CPU
		{B9155226-847A-4878-9FA9-D910F1AB44A8}.Debug|x86.Build.0 = Debug|Any CPU
		{B9155226-847A-4878-9FA9-D910F1AB44A8}.Release|Any CPU.ActiveCfg = Release|Any CPU
		{B9155226-847A-4878-9FA9-D910F1AB44A8}.Release|Any CPU.Build.0 = Release|Any CPU
		{B9155226-847A-4878-9FA9-D910F1AB44A8}.Release|x64.ActiveCfg = Release|Any CPU
		{B9155226-847A-4878-9FA9-D910F1AB44A8}.Release|x64.Build.0 = Release|Any CPU
		{B9155226-847A-4878-9FA9-D910F1AB44A8}.Release|x86.ActiveCfg = Release|Any CPU
		{B9155226-847A-4878-9FA9-D910F1AB44A8}.Release|x86.Build.0 = Release|Any CPU
		{C1DFFBD9-BEC5-4BD2-BD91-C184C9324C26}.Debug|Any CPU.ActiveCfg = Debug|Any CPU
		{C1DFFBD9-BEC5-4BD2-BD91-C184C9324C26}.Debug|Any CPU.Build.0 = Debug|Any CPU
		{C1DFFBD9-BEC5-4BD2-BD91-C184C9324C26}.Debug|x64.ActiveCfg = Debug|Any CPU
		{C1DFFBD9-BEC5-4BD2-BD91-C184C9324C26}.Debug|x64.Build.0 = Debug|Any CPU
		{C1DFFBD9-BEC5-4BD2-BD91-C184C9324C26}.Debug|x86.ActiveCfg = Debug|Any CPU
		{C1DFFBD9-BEC5-4BD2-BD91-C184C9324C26}.Debug|x86.Build.0 = Debug|Any CPU
		{C1DFFBD9-BEC5-4BD2-BD91-C184C9324C26}.Release|Any CPU.ActiveCfg = Release|Any CPU
		{C1DFFBD9-BEC5-4BD2-BD91-C184C9324C26}.Release|Any CPU.Build.0 = Release|Any CPU
		{C1DFFBD9-BEC5-4BD2-BD91-C184C9324C26}.Release|x64.ActiveCfg = Release|Any CPU
		{C1DFFBD9-BEC5-4BD2-BD91-C184C9324C26}.Release|x64.Build.0 = Release|Any CPU
		{C1DFFBD9-BEC5-4BD2-BD91-C184C9324C26}.Release|x86.ActiveCfg = Release|Any CPU
		{C1DFFBD9-BEC5-4BD2-BD91-C184C9324C26}.Release|x86.Build.0 = Release|Any CPU
		{88BBBCD9-47FB-41F5-807A-CFA4FE014C21}.Debug|Any CPU.ActiveCfg = Debug|Any CPU
		{88BBBCD9-47FB-41F5-807A-CFA4FE014C21}.Debug|Any CPU.Build.0 = Debug|Any CPU
		{88BBBCD9-47FB-41F5-807A-CFA4FE014C21}.Debug|x64.ActiveCfg = Debug|Any CPU
		{88BBBCD9-47FB-41F5-807A-CFA4FE014C21}.Debug|x64.Build.0 = Debug|Any CPU
		{88BBBCD9-47FB-41F5-807A-CFA4FE014C21}.Debug|x86.ActiveCfg = Debug|Any CPU
		{88BBBCD9-47FB-41F5-807A-CFA4FE014C21}.Debug|x86.Build.0 = Debug|Any CPU
		{88BBBCD9-47FB-41F5-807A-CFA4FE014C21}.Release|Any CPU.ActiveCfg = Release|Any CPU
		{88BBBCD9-47FB-41F5-807A-CFA4FE014C21}.Release|Any CPU.Build.0 = Release|Any CPU
		{88BBBCD9-47FB-41F5-807A-CFA4FE014C21}.Release|x64.ActiveCfg = Release|Any CPU
		{88BBBCD9-47FB-41F5-807A-CFA4FE014C21}.Release|x64.Build.0 = Release|Any CPU
		{88BBBCD9-47FB-41F5-807A-CFA4FE014C21}.Release|x86.ActiveCfg = Release|Any CPU
		{88BBBCD9-47FB-41F5-807A-CFA4FE014C21}.Release|x86.Build.0 = Release|Any CPU
		{5EAAF025-2AB0-4910-9C46-4908CF3A3364}.Debug|Any CPU.ActiveCfg = Debug|Any CPU
		{5EAAF025-2AB0-4910-9C46-4908CF3A3364}.Debug|Any CPU.Build.0 = Debug|Any CPU
		{5EAAF025-2AB0-4910-9C46-4908CF3A3364}.Debug|x64.ActiveCfg = Debug|Any CPU
		{5EAAF025-2AB0-4910-9C46-4908CF3A3364}.Debug|x64.Build.0 = Debug|Any CPU
		{5EAAF025-2AB0-4910-9C46-4908CF3A3364}.Debug|x86.ActiveCfg = Debug|Any CPU
		{5EAAF025-2AB0-4910-9C46-4908CF3A3364}.Debug|x86.Build.0 = Debug|Any CPU
		{5EAAF025-2AB0-4910-9C46-4908CF3A3364}.Release|Any CPU.ActiveCfg = Release|Any CPU
		{5EAAF025-2AB0-4910-9C46-4908CF3A3364}.Release|Any CPU.Build.0 = Release|Any CPU
		{5EAAF025-2AB0-4910-9C46-4908CF3A3364}.Release|x64.ActiveCfg = Release|Any CPU
		{5EAAF025-2AB0-4910-9C46-4908CF3A3364}.Release|x64.Build.0 = Release|Any CPU
		{5EAAF025-2AB0-4910-9C46-4908CF3A3364}.Release|x86.ActiveCfg = Release|Any CPU
		{5EAAF025-2AB0-4910-9C46-4908CF3A3364}.Release|x86.Build.0 = Release|Any CPU
		{3DCF285A-A0F9-4648-8B4D-5CD772856B27}.Debug|Any CPU.ActiveCfg = Debug|Any CPU
		{3DCF285A-A0F9-4648-8B4D-5CD772856B27}.Debug|Any CPU.Build.0 = Debug|Any CPU
		{3DCF285A-A0F9-4648-8B4D-5CD772856B27}.Debug|x64.ActiveCfg = Debug|Any CPU
		{3DCF285A-A0F9-4648-8B4D-5CD772856B27}.Debug|x64.Build.0 = Debug|Any CPU
		{3DCF285A-A0F9-4648-8B4D-5CD772856B27}.Debug|x86.ActiveCfg = Debug|Any CPU
		{3DCF285A-A0F9-4648-8B4D-5CD772856B27}.Debug|x86.Build.0 = Debug|Any CPU
		{3DCF285A-A0F9-4648-8B4D-5CD772856B27}.Release|Any CPU.ActiveCfg = Release|Any CPU
		{3DCF285A-A0F9-4648-8B4D-5CD772856B27}.Release|Any CPU.Build.0 = Release|Any CPU
		{3DCF285A-A0F9-4648-8B4D-5CD772856B27}.Release|x64.ActiveCfg = Release|Any CPU
		{3DCF285A-A0F9-4648-8B4D-5CD772856B27}.Release|x64.Build.0 = Release|Any CPU
		{3DCF285A-A0F9-4648-8B4D-5CD772856B27}.Release|x86.ActiveCfg = Release|Any CPU
		{3DCF285A-A0F9-4648-8B4D-5CD772856B27}.Release|x86.Build.0 = Release|Any CPU
	EndGlobalSection
	GlobalSection(SolutionProperties) = preSolution
		HideSolutionNode = FALSE
	EndGlobalSection
	GlobalSection(NestedProjects) = preSolution
		{79230497-B428-4061-A7E2-B9C9FC2E4E0C} = {827E0CD3-B72D-47B6-A68D-7590B98EB39B}
		{B9155226-847A-4878-9FA9-D910F1AB44A8} = {827E0CD3-B72D-47B6-A68D-7590B98EB39B}
		{C1DFFBD9-BEC5-4BD2-BD91-C184C9324C26} = {827E0CD3-B72D-47B6-A68D-7590B98EB39B}
		{88BBBCD9-47FB-41F5-807A-CFA4FE014C21} = {827E0CD3-B72D-47B6-A68D-7590B98EB39B}
		{5EAAF025-2AB0-4910-9C46-4908CF3A3364} = {0AB3BF05-4346-4AA6-1389-037BE0695223}
		{3DCF285A-A0F9-4648-8B4D-5CD772856B27} = {0AB3BF05-4346-4AA6-1389-037BE0695223}
	EndGlobalSection
EndGlobal
